
Microsoft Visual Studio Solution File, Format Version 12.00
# Visual Studio Version 17
VisualStudioVersion = 17.10.34916.146
MinimumVisualStudioVersion = 10.0.40219.1
Project("{FAE04EC0-301F-11D3-BF4B-00C04F79EFBC}") = "Chatting.Web", "Chatting.Web\Chatting.Web.csproj", "{35592F66-9E2F-4B69-9A98-976DC4AE6568}"
EndProject
Global
	GlobalSection(SolutionConfigurationPlatforms) = preSolution
		Debug|Any CPU = Debug|Any CPU
		Release|Any CPU = Release|Any CPU
	EndGlobalSection
	GlobalSection(ProjectConfigurationPlatforms) = postSolution
		{35592F66-9E2F-4B69-9A98-976DC4AE6568}.Debug|Any CPU.ActiveCfg = Debug|Any CPU
		{35592F66-9E2F-4B69-9A98-976DC4AE6568}.Debug|Any CPU.Build.0 = Debug|Any CPU
		{35592F66-9E2F-4B69-9A98-976DC4AE6568}.Release|Any CPU.ActiveCfg = Release|Any CPU
		{35592F66-9E2F-4B69-9A98-976DC4AE6568}.Release|Any CPU.Build.0 = Release|Any CPU
	EndGlobalSection
	GlobalSection(SolutionProperties) = preSolution
		HideSolutionNode = FALSE
	EndGlobalSection
	GlobalSection(ExtensibilityGlobals) = postSolution
		SolutionGuid = {C10D6D65-28B4-4723-BFDF-80340423FCCC}
	EndGlobalSection
EndGlobal
